
Microsoft Visual Studio Solution File, Format Version 12.00
# Visual Studio Version 17
VisualStudioVersion = 17.7.34024.191
MinimumVisualStudioVersion = 10.0.40219.1
Project("{9A19103F-16F7-4668-BE54-9A1E7A4F7556}") = "Application.API", "Application.API\Application.API.csproj", "{D9BFCACE-5DAA-41AE-A478-2704B887DE12}"
EndProject
Project("{9A19103F-16F7-4668-BE54-9A1E7A4F7556}") = "Application.Service", "Application.Service\Application.Service.csproj", "{D44954AE-8F6A-4B8E-98E5-1CD52462A123}"
EndProject
Project("{9A19103F-16F7-4668-BE54-9A1E7A4F7556}") = "Application.Repository", "Application.Repository\Application.Repository.csproj", "{01B5A28B-3D67-4A51-8A72-FF6CE2205454}"
EndProject
Project("{FAE04EC0-301F-11D3-BF4B-00C04F79EFBC}") = "Application.UnitTest", "Application.UnitTest\Application.UnitTest.csproj", "{D660A858-5E3A-4D40-9445-3CCA217744D5}"
EndProject
Global
	GlobalSection(SolutionConfigurationPlatforms) = preSolution
		Debug|Any CPU = Debug|Any CPU
		Release|Any CPU = Release|Any CPU
	EndGlobalSection
	GlobalSection(ProjectConfigurationPlatforms) = postSolution
		{D9BFCACE-5DAA-41AE-A478-2704B887DE12}.Debug|Any CPU.ActiveCfg = Debug|Any CPU
		{D9BFCACE-5DAA-41AE-A478-2704B887DE12}.Debug|Any CPU.Build.0 = Debug|Any CPU
		{D9BFCACE-5DAA-41AE-A478-2704B887DE12}.Release|Any CPU.ActiveCfg = Release|Any CPU
		{D9BFCACE-5DAA-41AE-A478-2704B887DE12}.Release|Any CPU.Build.0 = Release|Any CPU
		{D44954AE-8F6A-4B8E-98E5-1CD52462A123}.Debug|Any CPU.ActiveCfg = Debug|Any CPU
		{D44954AE-8F6A-4B8E-98E5-1CD52462A123}.Debug|Any CPU.Build.0 = Debug|Any CPU
		{D44954AE-8F6A-4B8E-98E5-1CD52462A123}.Release|Any CPU.ActiveCfg = Release|Any CPU
		{D44954AE-8F6A-4B8E-98E5-1CD52462A123}.Release|Any CPU.Build.0 = Release|Any CPU
		{01B5A28B-3D67-4A51-8A72-FF6CE2205454}.Debug|Any CPU.ActiveCfg = Debug|Any CPU
		{01B5A28B-3D67-4A51-8A72-FF6CE2205454}.Debug|Any CPU.Build.0 = Debug|Any CPU
		{01B5A28B-3D67-4A51-8A72-FF6CE2205454}.Release|Any CPU.ActiveCfg = Release|Any CPU
		{01B5A28B-3D67-4A51-8A72-FF6CE2205454}.Release|Any CPU.Build.0 = Release|Any CPU
		{D660A858-5E3A-4D40-9445-3CCA217744D5}.Debug|Any CPU.ActiveCfg = Debug|Any CPU
		{D660A858-5E3A-4D40-9445-3CCA217744D5}.Debug|Any CPU.Build.0 = Debug|Any CPU
		{D660A858-5E3A-4D40-9445-3CCA217744D5}.Release|Any CPU.ActiveCfg = Release|Any CPU
		{D660A858-5E3A-4D40-9445-3CCA217744D5}.Release|Any CPU.Build.0 = Release|Any CPU
	EndGlobalSection
	GlobalSection(SolutionProperties) = preSolution
		HideSolutionNode = FALSE
	EndGlobalSection
	GlobalSection(ExtensibilityGlobals) = postSolution
		SolutionGuid = {5E15AED8-ECCA-4C78-BC37-8D30F4F50466}
	EndGlobalSection
EndGlobal
